
Microsoft Visual Studio Solution File, Format Version 12.00
# Visual Studio Version 16
VisualStudioVersion = 16.0.30204.135
MinimumVisualStudioVersion = 10.0.40219.1
Project("{FAE04EC0-301F-11D3-BF4B-00C04F79EFBC}") = "panierAchat", "panierAchat\panierAchat.csproj", "{1CE91845-1829-4651-80CB-9E7F569239A2}"
EndProject
Global
	GlobalSection(SolutionConfigurationPlatforms) = preSolution
		Debug|Any CPU = Debug|Any CPU
		Release|Any CPU = Release|Any CPU
	EndGlobalSection
	GlobalSection(ProjectConfigurationPlatforms) = postSolution
		{1CE91845-1829-4651-80CB-9E7F569239A2}.Debug|Any CPU.ActiveCfg = Debug|Any CPU
		{1CE91845-1829-4651-80CB-9E7F569239A2}.Debug|Any CPU.Build.0 = Debug|Any CPU
		{1CE91845-1829-4651-80CB-9E7F569239A2}.Release|Any CPU.ActiveCfg = Release|Any CPU
		{1CE91845-1829-4651-80CB-9E7F569239A2}.Release|Any CPU.Build.0 = Release|Any CPU
	EndGlobalSection
	GlobalSection(SolutionProperties) = preSolution
		HideSolutionNode = FALSE
	EndGlobalSection
	GlobalSection(ExtensibilityGlobals) = postSolution
		SolutionGuid = {EA0F5584-FCFD-480D-97B4-51D1252E990A}
	EndGlobalSection
EndGlobal
